{
  "pins" : [
    {
      "identity" : "openssl-apple",
      "kind" : "remoteSourceControl",
      "location" : "https://github.com/StarSkyK/openssl-apple.git",
      "state" : {
        "branch" : "master",
        "revision" : "1f37ce987ce25379b91fa498da9d1090580efb6f"
      }
    },
    {
      "identity" : "swiftybeaver",
      "kind" : "remoteSourceControl",
      "location" : "https://github.com/SwiftyBeaver/SwiftyBeaver",
      "state" : {
        "revision" : "12b5acf96d98f91d50de447369bd18df74600f1a",
        "version" : "1.9.6"
      }
    }
  ],
  "version" : 2
}
